
Microsoft Visual Studio Solution File, Format Version 12.00
# Visual Studio Version 17
VisualStudioVersion = 17.9.34902.65
MinimumVisualStudioVersion = 10.0.40219.1
Project("{FAE04EC0-301F-11D3-BF4B-00C04F79EFBC}") = "Auth", "Auth.csproj", "{BB7C9781-320C-49A8-BD6B-2CBF16679C7E}"
EndProject
Global
	GlobalSection(SolutionConfigurationPlatforms) = preSolution
		Debug|Any CPU = Debug|Any CPU
		Release|Any CPU = Release|Any CPU
	EndGlobalSection
	GlobalSection(ProjectConfigurationPlatforms) = postSolution
		{BB7C9781-320C-49A8-BD6B-2CBF16679C7E}.Debug|Any CPU.ActiveCfg = Debug|Any CPU
		{BB7C9781-320C-49A8-BD6B-2CBF16679C7E}.Debug|Any CPU.Build.0 = Debug|Any CPU
		{BB7C9781-320C-49A8-BD6B-2CBF16679C7E}.Release|Any CPU.ActiveCfg = Release|Any CPU
		{BB7C9781-320C-49A8-BD6B-2CBF16679C7E}.Release|Any CPU.Build.0 = Release|Any CPU
	EndGlobalSection
	GlobalSection(SolutionProperties) = preSolution
		HideSolutionNode = FALSE
	EndGlobalSection
	GlobalSection(ExtensibilityGlobals) = postSolution
		SolutionGuid = {4337E775-0F54-4CC9-A586-BFF54A604B4F}
	EndGlobalSection
EndGlobal
